
Microsoft Visual Studio Solution File, Format Version 12.00
# Visual Studio Version 17
VisualStudioVersion = 17.8.34309.116
MinimumVisualStudioVersion = 10.0.40219.1
Project("{FAE04EC0-301F-11D3-BF4B-00C04F79EFBC}") = "RickAndMortyApp", "RickAndMortyApp\RickAndMortyApp.csproj", "{51F306D2-39AB-4D66-8E9A-FBC9D4C98698}"
EndProject
Global
	GlobalSection(SolutionConfigurationPlatforms) = preSolution
		Debug|Any CPU = Debug|Any CPU
		Release|Any CPU = Release|Any CPU
	EndGlobalSection
	GlobalSection(ProjectConfigurationPlatforms) = postSolution
		{51F306D2-39AB-4D66-8E9A-FBC9D4C98698}.Debug|Any CPU.ActiveCfg = Debug|Any CPU
		{51F306D2-39AB-4D66-8E9A-FBC9D4C98698}.Debug|Any CPU.Build.0 = Debug|Any CPU
		{51F306D2-39AB-4D66-8E9A-FBC9D4C98698}.Release|Any CPU.ActiveCfg = Release|Any CPU
		{51F306D2-39AB-4D66-8E9A-FBC9D4C98698}.Release|Any CPU.Build.0 = Release|Any CPU
	EndGlobalSection
	GlobalSection(SolutionProperties) = preSolution
		HideSolutionNode = FALSE
	EndGlobalSection
	GlobalSection(ExtensibilityGlobals) = postSolution
		SolutionGuid = {66C0AC67-8E40-486F-B349-60BD1B8B50E0}
	EndGlobalSection
EndGlobal
